
Microsoft Visual Studio Solution File, Format Version 12.00
# Visual Studio 15
VisualStudioVersion = 15.0.28307.421
MinimumVisualStudioVersion = 10.0.40219.1
Project("{FAE04EC0-301F-11D3-BF4B-00C04F79EFBC}") = "DNFAHKGenerator", "DNFAHKGenerator.csproj", "{51AC929C-F0F9-4D4D-92C9-43A78A2866D5}"
EndProject
Global
	GlobalSection(SolutionConfigurationPlatforms) = preSolution
		Debug|Any CPU = Debug|Any CPU
		Release|Any CPU = Release|Any CPU
	EndGlobalSection
	GlobalSection(ProjectConfigurationPlatforms) = postSolution
		{51AC929C-F0F9-4D4D-92C9-43A78A2866D5}.Debug|Any CPU.ActiveCfg = Debug|Any CPU
		{51AC929C-F0F9-4D4D-92C9-43A78A2866D5}.Debug|Any CPU.Build.0 = Debug|Any CPU
		{51AC929C-F0F9-4D4D-92C9-43A78A2866D5}.Release|Any CPU.ActiveCfg = Release|Any CPU
		{51AC929C-F0F9-4D4D-92C9-43A78A2866D5}.Release|Any CPU.Build.0 = Release|Any CPU
	EndGlobalSection
	GlobalSection(SolutionProperties) = preSolution
		HideSolutionNode = FALSE
	EndGlobalSection
	GlobalSection(ExtensibilityGlobals) = postSolution
		SolutionGuid = {1F1BD8FB-DE11-4E84-A81C-193CF14740CA}
	EndGlobalSection
EndGlobal
